
Microsoft Visual Studio Solution File, Format Version 12.00
# Visual Studio Version 16
VisualStudioVersion = 16.0.29306.81
MinimumVisualStudioVersion = 10.0.40219.1
Project("{8BC9CEB8-8B4A-11D0-8D11-00A0C91BC942}") = "algoritmy matricy", "algoritmy matricy.vcxproj", "{43AA0CDD-0F32-4D32-8290-042986214BAA}"
EndProject
Global
	GlobalSection(SolutionConfigurationPlatforms) = preSolution
		Debug|x64 = Debug|x64
		Debug|x86 = Debug|x86
		Release|x64 = Release|x64
		Release|x86 = Release|x86
	EndGlobalSection
	GlobalSection(ProjectConfigurationPlatforms) = postSolution
		{43AA0CDD-0F32-4D32-8290-042986214BAA}.Debug|x64.ActiveCfg = Debug|x64
		{43AA0CDD-0F32-4D32-8290-042986214BAA}.Debug|x64.Build.0 = Debug|x64
		{43AA0CDD-0F32-4D32-8290-042986214BAA}.Debug|x86.ActiveCfg = Debug|Win32
		{43AA0CDD-0F32-4D32-8290-042986214BAA}.Debug|x86.Build.0 = Debug|Win32
		{43AA0CDD-0F32-4D32-8290-042986214BAA}.Release|x64.ActiveCfg = Release|x64
		{43AA0CDD-0F32-4D32-8290-042986214BAA}.Release|x64.Build.0 = Release|x64
		{43AA0CDD-0F32-4D32-8290-042986214BAA}.Release|x86.ActiveCfg = Release|Win32
		{43AA0CDD-0F32-4D32-8290-042986214BAA}.Release|x86.Build.0 = Release|Win32
	EndGlobalSection
	GlobalSection(SolutionProperties) = preSolution
		HideSolutionNode = FALSE
	EndGlobalSection
	GlobalSection(ExtensibilityGlobals) = postSolution
		SolutionGuid = {B3E5CA3F-2B6B-4840-BEA0-38300D0754F5}
	EndGlobalSection
EndGlobal
