
Microsoft Visual Studio Solution File, Format Version 12.00
# Visual Studio Version 16
VisualStudioVersion = 16.0.29306.81
MinimumVisualStudioVersion = 10.0.40219.1
Project("{8BC9CEB8-8B4A-11D0-8D11-00A0C91BC942}") = "Algoritmy obrobky masiviv", "Algoritmy obrobky masiviv.vcxproj", "{242DEDA6-49F6-45FC-BBF4-9C0A555AF931}"
EndProject
Global
	GlobalSection(SolutionConfigurationPlatforms) = preSolution
		Debug|x64 = Debug|x64
		Debug|x86 = Debug|x86
		Release|x64 = Release|x64
		Release|x86 = Release|x86
	EndGlobalSection
	GlobalSection(ProjectConfigurationPlatforms) = postSolution
		{242DEDA6-49F6-45FC-BBF4-9C0A555AF931}.Debug|x64.ActiveCfg = Debug|x64
		{242DEDA6-49F6-45FC-BBF4-9C0A555AF931}.Debug|x64.Build.0 = Debug|x64
		{242DEDA6-49F6-45FC-BBF4-9C0A555AF931}.Debug|x86.ActiveCfg = Debug|Win32
		{242DEDA6-49F6-45FC-BBF4-9C0A555AF931}.Debug|x86.Build.0 = Debug|Win32
		{242DEDA6-49F6-45FC-BBF4-9C0A555AF931}.Release|x64.ActiveCfg = Release|x64
		{242DEDA6-49F6-45FC-BBF4-9C0A555AF931}.Release|x64.Build.0 = Release|x64
		{242DEDA6-49F6-45FC-BBF4-9C0A555AF931}.Release|x86.ActiveCfg = Release|Win32
		{242DEDA6-49F6-45FC-BBF4-9C0A555AF931}.Release|x86.Build.0 = Release|Win32
	EndGlobalSection
	GlobalSection(SolutionProperties) = preSolution
		HideSolutionNode = FALSE
	EndGlobalSection
	GlobalSection(ExtensibilityGlobals) = postSolution
		SolutionGuid = {1FD447AB-D47B-466E-B98F-4312DE5E8CE8}
	EndGlobalSection
EndGlobal
